
Microsoft Visual Studio Solution File, Format Version 12.00
# Visual Studio 2013
VisualStudioVersion = 12.0.31101.0
MinimumVisualStudioVersion = 10.0.40219.1
Project("{FAE04EC0-301F-11D3-BF4B-00C04F79EFBC}") = "CameraRollOrganizer", "CameraRollOrganizer\CameraRollOrganizer.csproj", "{FE2D26CC-12B1-487C-9870-172CDB17AB29}"
EndProject
Project("{2150E333-8FDC-42A3-9474-1A3956D46DE8}") = "Solution Items", "Solution Items", "{5A238A9F-7813-4ABA-858F-B8A4BCA81E26}"
	ProjectSection(SolutionItems) = preProject
		NuGet.config = NuGet.config
	EndProjectSection
EndProject
Project("{FAE04EC0-301F-11D3-BF4B-00C04F79EFBC}") = "PhotoOrganizerWebJob", "PhotoOrganizerWebJob\PhotoOrganizerWebJob.csproj", "{742BCF29-09D9-488E-B035-76D959504A84}"
EndProject
Global
	GlobalSection(SolutionConfigurationPlatforms) = preSolution
		Debug|Any CPU = Debug|Any CPU
		Release|Any CPU = Release|Any CPU
	EndGlobalSection
	GlobalSection(ProjectConfigurationPlatforms) = postSolution
		{FE2D26CC-12B1-487C-9870-172CDB17AB29}.Debug|Any CPU.ActiveCfg = Debug|Any CPU
		{FE2D26CC-12B1-487C-9870-172CDB17AB29}.Debug|Any CPU.Build.0 = Debug|Any CPU
		{FE2D26CC-12B1-487C-9870-172CDB17AB29}.Release|Any CPU.ActiveCfg = Release|Any CPU
		{FE2D26CC-12B1-487C-9870-172CDB17AB29}.Release|Any CPU.Build.0 = Release|Any CPU
		{742BCF29-09D9-488E-B035-76D959504A84}.Debug|Any CPU.ActiveCfg = Debug|Any CPU
		{742BCF29-09D9-488E-B035-76D959504A84}.Debug|Any CPU.Build.0 = Debug|Any CPU
		{742BCF29-09D9-488E-B035-76D959504A84}.Release|Any CPU.ActiveCfg = Release|Any CPU
		{742BCF29-09D9-488E-B035-76D959504A84}.Release|Any CPU.Build.0 = Release|Any CPU
	EndGlobalSection
	GlobalSection(SolutionProperties) = preSolution
		HideSolutionNode = FALSE
	EndGlobalSection
EndGlobal
